// !$*UTF8*$!
{
	archiveVersion = 1;
	classes = {
	};
	objectVersion = 50;
	objects = {

/* Begin PBXBuildFile section */
		40A751520F1E4B2B35868731 /* Pods_ActivityReceiver_iOS.framework in Frameworks */ = {isa = PBXBuildFile; fileRef = 2E09A3B01C6872516E6B66A5 /* Pods_ActivityReceiver_iOS.framework */; };
		EB05204E216C9C0900940214 /* WordItem.swift in Sources */ = {isa = PBXBuildFile; fileRef = EB05204D216C9C0900940214 /* WordItem.swift */; };
		EB052050216C9C4200940214 /* WordItem.xib in Resources */ = {isa = PBXBuildFile; fileRef = EB05204F216C9C4200940214 /* WordItem.xib */; };
		EB0765B721C21E2200144FC5 /* ActivityIndicatorOverlayView.xib in Resources */ = {isa = PBXBuildFile; fileRef = EB0765B621C21E2200144FC5 /* ActivityIndicatorOverlayView.xib */; };
		EB0765B921C21E3800144FC5 /* ActivityIndicatorOverlayView.swift in Sources */ = {isa = PBXBuildFile; fileRef = EB0765B821C21E3800144FC5 /* ActivityIndicatorOverlayView.swift */; };
		EB0F5CF7215B526A005E9654 /* AppDelegate.swift in Sources */ = {isa = PBXBuildFile; fileRef = EB0F5CF6215B526A005E9654 /* AppDelegate.swift */; };
		EB0F5CF9215B526A005E9654 /* MainViewController.swift in Sources */ = {isa = PBXBuildFile; fileRef = EB0F5CF8215B526A005E9654 /* MainViewController.swift */; };
		EB0F5CFC215B526A005E9654 /* Main.storyboard in Resources */ = {isa = PBXBuildFile; fileRef = EB0F5CFA215B526A005E9654 /* Main.storyboard */; };
		EB0F5CFE215B526C005E9654 /* Assets.xcassets in Resources */ = {isa = PBXBuildFile; fileRef = EB0F5CFD215B526C005E9654 /* Assets.xcassets */; };
		EB0F5D01215B526C005E9654 /* LaunchScreen.storyboard in Resources */ = {isa = PBXBuildFile; fileRef = EB0F5CFF215B526C005E9654 /* LaunchScreen.storyboard */; };
		EB137632218ED08900B9FF02 /* MovementDTO.swift in Sources */ = {isa = PBXBuildFile; fileRef = EB137631218ED08900B9FF02 /* MovementDTO.swift */; };
		EB137634218ED34500B9FF02 /* MovementState.swift in Sources */ = {isa = PBXBuildFile; fileRef = EB137633218ED34500B9FF02 /* MovementState.swift */; };
		EB28F9872182CD5C004DC1A9 /* UserInfo.swift in Sources */ = {isa = PBXBuildFile; fileRef = EB28F9862182CD5C004DC1A9 /* UserInfo.swift */; };
		EB2E4FFF2175C879003AE7D3 /* StringCapitalizeFirstLetter.swift in Sources */ = {isa = PBXBuildFile; fileRef = EB2E4FFE2175C879003AE7D3 /* StringCapitalizeFirstLetter.swift */; };
		EB72C20621B75D4900C616C6 /* MotionViewController.swift in Sources */ = {isa = PBXBuildFile; fileRef = EB72C20521B75D4900C616C6 /* MotionViewController.swift */; };
		EB72C20821B772F100C616C6 /* DeviceAccelerationDTO.swift in Sources */ = {isa = PBXBuildFile; fileRef = EB72C20721B772F100C616C6 /* DeviceAccelerationDTO.swift */; };
		EB72C20A21B773A600C616C6 /* ActivityFrameDTO.swift in Sources */ = {isa = PBXBuildFile; fileRef = EB72C20921B773A600C616C6 /* ActivityFrameDTO.swift */; };
		EB822702217CA79A003C01D7 /* LoginViewController.swift in Sources */ = {isa = PBXBuildFile; fileRef = EB822701217CA79A003C01D7 /* LoginViewController.swift */; };
		EB83514B21B64F2A00E9FD16 /* SubmitQuestionAnswerPostViewModel.swift in Sources */ = {isa = PBXBuildFile; fileRef = EB83514A21B64F2A00E9FD16 /* SubmitQuestionAnswerPostViewModel.swift */; };
		EB83514F21B6799E00E9FD16 /* ObjectDictionaryProtocols.swift in Sources */ = {isa = PBXBuildFile; fileRef = EB83514E21B6799E00E9FD16 /* ObjectDictionaryProtocols.swift */; };
		EB83515121B67A9200E9FD16 /* DictionaryHandler.swift in Sources */ = {isa = PBXBuildFile; fileRef = EB83515021B67A9200E9FD16 /* DictionaryHandler.swift */; };
		EB8DC76921D464BB000D7B0D /* RemoteServiceManager.swift in Sources */ = {isa = PBXBuildFile; fileRef = EB8DC76821D464BB000D7B0D /* RemoteServiceManager.swift */; };
		EBA7B9CC217F0BD10084319D /* RegisterViewController.swift in Sources */ = {isa = PBXBuildFile; fileRef = EBA7B9CB217F0BD10084319D /* RegisterViewController.swift */; };
		EBB5EBD22186EA8F00460F66 /* SketchShadow.swift in Sources */ = {isa = PBXBuildFile; fileRef = EBB5EBD12186EA8E00460F66 /* SketchShadow.swift */; };
		EBB5EBD42186EA9300460F66 /* XibUIView.swift in Sources */ = {isa = PBXBuildFile; fileRef = EBB5EBD32186EA9300460F66 /* XibUIView.swift */; };
		EBB5EBD62186EB2400460F66 /* ReshapableImageView.swift in Sources */ = {isa = PBXBuildFile; fileRef = EBB5EBD52186EB2400460F66 /* ReshapableImageView.swift */; };
		EBB5EBD82186EB2B00460F66 /* SegueBehaviorObject.swift in Sources */ = {isa = PBXBuildFile; fileRef = EBB5EBD72186EB2B00460F66 /* SegueBehaviorObject.swift */; };
		EBB5EBDA2186EB7C00460F66 /* UserCenterViewController.swift in Sources */ = {isa = PBXBuildFile; fileRef = EBB5EBD92186EB7C00460F66 /* UserCenterViewController.swift */; };
		EBCA51C72185D8F5001E9448 /* OutlineView.swift in Sources */ = {isa = PBXBuildFile; fileRef = EBCA51C62185D8F5001E9448 /* OutlineView.swift */; };
		EBCA51C92185FA2F001E9448 /* FunctionListItemView.xib in Resources */ = {isa = PBXBuildFile; fileRef = EBCA51C82185FA2F001E9448 /* FunctionListItemView.xib */; };
		EBCA51CB2185FEAF001E9448 /* FunctionListItemView.swift in Sources */ = {isa = PBXBuildFile; fileRef = EBCA51CA2185FEAF001E9448 /* FunctionListItemView.swift */; };
		EBDA705521CA3665007DDD9D /* AlamofireManager.swift in Sources */ = {isa = PBXBuildFile; fileRef = EBDA705421CA3665007DDD9D /* AlamofireManager.swift */; };
		EBE8B95A218ACEB80093E466 /* AssignmentResultTableView.swift in Sources */ = {isa = PBXBuildFile; fileRef = EBE8B959218ACEB80093E466 /* AssignmentResultTableView.swift */; };
		EBE8B964218BF91E0093E466 /* ResultHeaderTableViewCell.swift in Sources */ = {isa = PBXBuildFile; fileRef = EBE8B962218BF91E0093E466 /* ResultHeaderTableViewCell.swift */; };
		EBE8B965218BF91E0093E466 /* ResultHeaderTableViewCell.xib in Resources */ = {isa = PBXBuildFile; fileRef = EBE8B963218BF91E0093E466 /* ResultHeaderTableViewCell.xib */; };
		EBE8B967218BFABB0093E466 /* AssignmentResultViewController.swift in Sources */ = {isa = PBXBuildFile; fileRef = EBE8B966218BFABB0093E466 /* AssignmentResultViewController.swift */; };
		EBE8B96A218BFAC90093E466 /* ResultAnswerDetailTableViewCell.swift in Sources */ = {isa = PBXBuildFile; fileRef = EBE8B968218BFAC90093E466 /* ResultAnswerDetailTableViewCell.swift */; };
		EBE8B96B218BFAC90093E466 /* ResultAnswerDetailTableViewCell.xib in Resources */ = {isa = PBXBuildFile; fileRef = EBE8B969218BFAC90093E466 /* ResultAnswerDetailTableViewCell.xib */; };
		EBE8B96D218C0B9E0093E466 /* AssignmentResultViewModel.swift in Sources */ = {isa = PBXBuildFile; fileRef = EBE8B96C218C0B9E0093E466 /* AssignmentResultViewModel.swift */; };
		EBF9C1A02190532100321174 /* ExerciseListItemTableViewCell.swift in Sources */ = {isa = PBXBuildFile; fileRef = EBF9C19E2190532100321174 /* ExerciseListItemTableViewCell.swift */; };
		EBF9C1A12190532100321174 /* ExerciseListItemTableViewCell.xib in Resources */ = {isa = PBXBuildFile; fileRef = EBF9C19F2190532100321174 /* ExerciseListItemTableViewCell.xib */; };
		EBF9C1A32190570E00321174 /* ExerciseListTableView.swift in Sources */ = {isa = PBXBuildFile; fileRef = EBF9C1A22190570E00321174 /* ExerciseListTableView.swift */; };
		EBF9C1A621917D2400321174 /* ActiveUserInfo.swift in Sources */ = {isa = PBXBuildFile; fileRef = EBF9C1A521917D2400321174 /* ActiveUserInfo.swift */; };
		EBF9C1A8219183A700321174 /* ExerciseSelectorViewController.swift in Sources */ = {isa = PBXBuildFile; fileRef = EBF9C1A7219183A700321174 /* ExerciseSelectorViewController.swift */; };
		EBF9C1AA2191859700321174 /* ExerciseListViewModel.swift in Sources */ = {isa = PBXBuildFile; fileRef = EBF9C1A92191859700321174 /* ExerciseListViewModel.swift */; };
		EBFC7C982193D9BB006323FC /* AssignmentQuestionViewModel.swift in Sources */ = {isa = PBXBuildFile; fileRef = EBFC7C972193D9BB006323FC /* AssignmentQuestionViewModel.swift */; };
		EBFC7C9A2193E03D006323FC /* FunctionExecuteTarget.swift in Sources */ = {isa = PBXBuildFile; fileRef = EBFC7C992193E03D006323FC /* FunctionExecuteTarget.swift */; };
		EBFC7C9C21957CD6006323FC /* QuestionHandler.swift in Sources */ = {isa = PBXBuildFile; fileRef = EBFC7C9B21957CD6006323FC /* QuestionHandler.swift */; };
		EBFC7C9E2196A6AB006323FC /* DateConverter.swift in Sources */ = {isa = PBXBuildFile; fileRef = EBFC7C9D2196A6AB006323FC /* DateConverter.swift */; };
/* End PBXBuildFile section */

/* Begin PBXFileReference section */
		2E09A3B01C6872516E6B66A5 /* Pods_ActivityReceiver_iOS.framework */ = {isa = PBXFileReference; explicitFileType = wrapper.framework; includeInIndex = 0; path = Pods_ActivityReceiver_iOS.framework; sourceTree = BUILT_PRODUCTS_DIR; };
		83591755A88A63D56EDB2E97 /* Pods-ActivityReceiver.iOS.release.xcconfig */ = {isa = PBXFileReference; includeInIndex = 1; lastKnownFileType = text.xcconfig; name = "Pods-ActivityReceiver.iOS.release.xcconfig"; path = "Pods/Target Support Files/Pods-ActivityReceiver.iOS/Pods-ActivityReceiver.iOS.release.xcconfig"; sourceTree = "<group>"; };
		EB05204D216C9C0900940214 /* WordItem.swift */ = {isa = PBXFileReference; lastKnownFileType = sourcecode.swift; path = WordItem.swift; sourceTree = "<group>"; };
		EB05204F216C9C4200940214 /* WordItem.xib */ = {isa = PBXFileReference; lastKnownFileType = file.xib; path = WordItem.xib; sourceTree = "<group>"; };
		EB0765B621C21E2200144FC5 /* ActivityIndicatorOverlayView.xib */ = {isa = PBXFileReference; lastKnownFileType = file.xib; path = ActivityIndicatorOverlayView.xib; sourceTree = "<group>"; };
		EB0765B821C21E3800144FC5 /* ActivityIndicatorOverlayView.swift */ = {isa = PBXFileReference; lastKnownFileType = sourcecode.swift; path = ActivityIndicatorOverlayView.swift; sourceTree = "<group>"; };
		EB0F5CF3215B526A005E9654 /* ActivityReceiver.iOS.app */ = {isa = PBXFileReference; explicitFileType = wrapper.application; includeInIndex = 0; path = ActivityReceiver.iOS.app; sourceTree = BUILT_PRODUCTS_DIR; };
		EB0F5CF6215B526A005E9654 /* AppDelegate.swift */ = {isa = PBXFileReference; lastKnownFileType = sourcecode.swift; path = AppDelegate.swift; sourceTree = "<group>"; };
		EB0F5CF8215B526A005E9654 /* MainViewController.swift */ = {isa = PBXFileReference; lastKnownFileType = sourcecode.swift; path = MainViewController.swift; sourceTree = "<group>"; };
		EB0F5CFB215B526A005E9654 /* Base */ = {isa = PBXFileReference; lastKnownFileType = file.storyboard; name = Base; path = Base.lproj/Main.storyboard; sourceTree = "<group>"; };
		EB0F5CFD215B526C005E9654 /* Assets.xcassets */ = {isa = PBXFileReference; lastKnownFileType = folder.assetcatalog; path = Assets.xcassets; sourceTree = "<group>"; };
		EB0F5D00215B526C005E9654 /* Base */ = {isa = PBXFileReference; lastKnownFileType = file.storyboard; name = Base; path = Base.lproj/LaunchScreen.storyboard; sourceTree = "<group>"; };
		EB0F5D02215B526C005E9654 /* Info.plist */ = {isa = PBXFileReference; lastKnownFileType = text.plist.xml; path = Info.plist; sourceTree = "<group>"; };
		EB137631218ED08900B9FF02 /* MovementDTO.swift */ = {isa = PBXFileReference; lastKnownFileType = sourcecode.swift; path = MovementDTO.swift; sourceTree = "<group>"; };
		EB137633218ED34500B9FF02 /* MovementState.swift */ = {isa = PBXFileReference; lastKnownFileType = sourcecode.swift; path = MovementState.swift; sourceTree = "<group>"; };
		EB28F9862182CD5C004DC1A9 /* UserInfo.swift */ = {isa = PBXFileReference; lastKnownFileType = sourcecode.swift; path = UserInfo.swift; sourceTree = "<group>"; };
		EB2E4FFE2175C879003AE7D3 /* StringCapitalizeFirstLetter.swift */ = {isa = PBXFileReference; lastKnownFileType = sourcecode.swift; path = StringCapitalizeFirstLetter.swift; sourceTree = "<group>"; };
		EB72C20521B75D4900C616C6 /* MotionViewController.swift */ = {isa = PBXFileReference; lastKnownFileType = sourcecode.swift; path = MotionViewController.swift; sourceTree = "<group>"; };
		EB72C20721B772F100C616C6 /* DeviceAccelerationDTO.swift */ = {isa = PBXFileReference; lastKnownFileType = sourcecode.swift; path = DeviceAccelerationDTO.swift; sourceTree = "<group>"; };
		EB72C20921B773A600C616C6 /* ActivityFrameDTO.swift */ = {isa = PBXFileReference; lastKnownFileType = sourcecode.swift; path = ActivityFrameDTO.swift; sourceTree = "<group>"; };
		EB822701217CA79A003C01D7 /* LoginViewController.swift */ = {isa = PBXFileReference; lastKnownFileType = sourcecode.swift; path = LoginViewController.swift; sourceTree = "<group>"; };
		EB83514A21B64F2A00E9FD16 /* SubmitQuestionAnswerPostViewModel.swift */ = {isa = PBXFileReference; lastKnownFileType = sourcecode.swift; path = SubmitQuestionAnswerPostViewModel.swift; sourceTree = "<group>"; };
		EB83514E21B6799E00E9FD16 /* ObjectDictionaryProtocols.swift */ = {isa = PBXFileReference; lastKnownFileType = sourcecode.swift; path = ObjectDictionaryProtocols.swift; sourceTree = "<group>"; };
		EB83515021B67A9200E9FD16 /* DictionaryHandler.swift */ = {isa = PBXFileReference; lastKnownFileType = sourcecode.swift; path = DictionaryHandler.swift; sourceTree = "<group>"; };
		EB8DC76821D464BB000D7B0D /* RemoteServiceManager.swift */ = {isa = PBXFileReference; lastKnownFileType = sourcecode.swift; path = RemoteServiceManager.swift; sourceTree = "<group>"; };
		EBA7B9CB217F0BD10084319D /* RegisterViewController.swift */ = {isa = PBXFileReference; lastKnownFileType = sourcecode.swift; path = RegisterViewController.swift; sourceTree = "<group>"; };
		EBB5EBD12186EA8E00460F66 /* SketchShadow.swift */ = {isa = PBXFileReference; fileEncoding = 4; lastKnownFileType = sourcecode.swift; name = SketchShadow.swift; path = ActivityReceiver.iOS/SketchShadow.swift; sourceTree = SOURCE_ROOT; };
		EBB5EBD32186EA9300460F66 /* XibUIView.swift */ = {isa = PBXFileReference; lastKnownFileType = sourcecode.swift; path = XibUIView.swift; sourceTree = "<group>"; };
		EBB5EBD52186EB2400460F66 /* ReshapableImageView.swift */ = {isa = PBXFileReference; lastKnownFileType = sourcecode.swift; path = ReshapableImageView.swift; sourceTree = "<group>"; };
		EBB5EBD72186EB2B00460F66 /* SegueBehaviorObject.swift */ = {isa = PBXFileReference; lastKnownFileType = sourcecode.swift; path = SegueBehaviorObject.swift; sourceTree = "<group>"; };
		EBB5EBD92186EB7C00460F66 /* UserCenterViewController.swift */ = {isa = PBXFileReference; fileEncoding = 4; lastKnownFileType = sourcecode.swift; name = UserCenterViewController.swift; path = ActivityReceiver.iOS/UserCenterViewController.swift; sourceTree = SOURCE_ROOT; };
		EBCA51C62185D8F5001E9448 /* OutlineView.swift */ = {isa = PBXFileReference; lastKnownFileType = sourcecode.swift; path = OutlineView.swift; sourceTree = "<group>"; };
		EBCA51C82185FA2F001E9448 /* FunctionListItemView.xib */ = {isa = PBXFileReference; lastKnownFileType = file.xib; path = FunctionListItemView.xib; sourceTree = "<group>"; };
		EBCA51CA2185FEAF001E9448 /* FunctionListItemView.swift */ = {isa = PBXFileReference; lastKnownFileType = sourcecode.swift; path = FunctionListItemView.swift; sourceTree = "<group>"; };
		EBDA705421CA3665007DDD9D /* AlamofireManager.swift */ = {isa = PBXFileReference; lastKnownFileType = sourcecode.swift; path = AlamofireManager.swift; sourceTree = "<group>"; };
		EBE8B959218ACEB80093E466 /* AssignmentResultTableView.swift */ = {isa = PBXFileReference; lastKnownFileType = sourcecode.swift; path = AssignmentResultTableView.swift; sourceTree = "<group>"; };
		EBE8B962218BF91E0093E466 /* ResultHeaderTableViewCell.swift */ = {isa = PBXFileReference; lastKnownFileType = sourcecode.swift; path = ResultHeaderTableViewCell.swift; sourceTree = "<group>"; };
		EBE8B963218BF91E0093E466 /* ResultHeaderTableViewCell.xib */ = {isa = PBXFileReference; lastKnownFileType = file.xib; path = ResultHeaderTableViewCell.xib; sourceTree = "<group>"; };
		EBE8B966218BFABB0093E466 /* AssignmentResultViewController.swift */ = {isa = PBXFileReference; fileEncoding = 4; lastKnownFileType = sourcecode.swift; path = AssignmentResultViewController.swift; sourceTree = "<group>"; };
		EBE8B968218BFAC90093E466 /* ResultAnswerDetailTableViewCell.swift */ = {isa = PBXFileReference; fileEncoding = 4; lastKnownFileType = sourcecode.swift; path = ResultAnswerDetailTableViewCell.swift; sourceTree = "<group>"; };
		EBE8B969218BFAC90093E466 /* ResultAnswerDetailTableViewCell.xib */ = {isa = PBXFileReference; fileEncoding = 4; lastKnownFileType = file.xib; path = ResultAnswerDetailTableViewCell.xib; sourceTree = "<group>"; };
		EBE8B96C218C0B9E0093E466 /* AssignmentResultViewModel.swift */ = {isa = PBXFileReference; lastKnownFileType = sourcecode.swift; path = AssignmentResultViewModel.swift; sourceTree = "<group>"; };
		EBF9C19E2190532100321174 /* ExerciseListItemTableViewCell.swift */ = {isa = PBXFileReference; lastKnownFileType = sourcecode.swift; path = ExerciseListItemTableViewCell.swift; sourceTree = "<group>"; };
		EBF9C19F2190532100321174 /* ExerciseListItemTableViewCell.xib */ = {isa = PBXFileReference; lastKnownFileType = file.xib; path = ExerciseListItemTableViewCell.xib; sourceTree = "<group>"; };
		EBF9C1A22190570E00321174 /* ExerciseListTableView.swift */ = {isa = PBXFileReference; lastKnownFileType = sourcecode.swift; path = ExerciseListTableView.swift; sourceTree = "<group>"; };
		EBF9C1A521917D2400321174 /* ActiveUserInfo.swift */ = {isa = PBXFileReference; lastKnownFileType = sourcecode.swift; path = ActiveUserInfo.swift; sourceTree = "<group>"; };
		EBF9C1A7219183A700321174 /* ExerciseSelectorViewController.swift */ = {isa = PBXFileReference; lastKnownFileType = sourcecode.swift; path = ExerciseSelectorViewController.swift; sourceTree = "<group>"; };
		EBF9C1A92191859700321174 /* ExerciseListViewModel.swift */ = {isa = PBXFileReference; lastKnownFileType = sourcecode.swift; path = ExerciseListViewModel.swift; sourceTree = "<group>"; };
		EBFC7C972193D9BB006323FC /* AssignmentQuestionViewModel.swift */ = {isa = PBXFileReference; lastKnownFileType = sourcecode.swift; path = AssignmentQuestionViewModel.swift; sourceTree = "<group>"; };
		EBFC7C992193E03D006323FC /* FunctionExecuteTarget.swift */ = {isa = PBXFileReference; lastKnownFileType = sourcecode.swift; path = FunctionExecuteTarget.swift; sourceTree = "<group>"; };
		EBFC7C9B21957CD6006323FC /* QuestionHandler.swift */ = {isa = PBXFileReference; lastKnownFileType = sourcecode.swift; path = QuestionHandler.swift; sourceTree = "<group>"; };
		EBFC7C9D2196A6AB006323FC /* DateConverter.swift */ = {isa = PBXFileReference; lastKnownFileType = sourcecode.swift; path = DateConverter.swift; sourceTree = "<group>"; };
		FB7852F4BD99220705EEFA77 /* Pods-ActivityReceiver.iOS.debug.xcconfig */ = {isa = PBXFileReference; includeInIndex = 1; lastKnownFileType = text.xcconfig; name = "Pods-ActivityReceiver.iOS.debug.xcconfig"; path = "Pods/Target Support Files/Pods-ActivityReceiver.iOS/Pods-ActivityReceiver.iOS.debug.xcconfig"; sourceTree = "<group>"; };
/* End PBXFileReference section */

/* Begin PBXFrameworksBuildPhase section */
		EB0F5CF0215B526A005E9654 /* Frameworks */ = {
			isa = PBXFrameworksBuildPhase;
			buildActionMask = 2147483647;
			files = (
				40A751520F1E4B2B35868731 /* Pods_ActivityReceiver_iOS.framework in Frameworks */,
			);
			runOnlyForDeploymentPostprocessing = 0;
		};
/* End PBXFrameworksBuildPhase section */

/* Begin PBXGroup section */
		4C6C0E068898F53CDCFC9057 /* Frameworks */ = {
			isa = PBXGroup;
			children = (
				2E09A3B01C6872516E6B66A5 /* Pods_ActivityReceiver_iOS.framework */,
			);
			name = Frameworks;
			sourceTree = "<group>";
		};
		DACE94959856F09D8F69D0FC /* Pods */ = {
			isa = PBXGroup;
			children = (
				FB7852F4BD99220705EEFA77 /* Pods-ActivityReceiver.iOS.debug.xcconfig */,
				83591755A88A63D56EDB2E97 /* Pods-ActivityReceiver.iOS.release.xcconfig */,
			);
			name = Pods;
			sourceTree = "<group>";
		};
		EB0F5CEA215B526A005E9654 = {
			isa = PBXGroup;
			children = (
				EB0F5CF5215B526A005E9654 /* ActivityReceiver.iOS */,
				EB0F5CF4215B526A005E9654 /* Products */,
				DACE94959856F09D8F69D0FC /* Pods */,
				4C6C0E068898F53CDCFC9057 /* Frameworks */,
			);
			sourceTree = "<group>";
		};
		EB0F5CF4215B526A005E9654 /* Products */ = {
			isa = PBXGroup;
			children = (
				EB0F5CF3215B526A005E9654 /* ActivityReceiver.iOS.app */,
			);
			name = Products;
			sourceTree = "<group>";
		};
		EB0F5CF5215B526A005E9654 /* ActivityReceiver.iOS */ = {
			isa = PBXGroup;
			children = (
				EBF9C1A4219174F500321174 /* DataTransferObjects */,
				EBB5EBCD2186E9B000460F66 /* Functions */,
				EBB5EBCC2186E9A700460F66 /* Models */,
				EBE8B96E218C1BD70093E466 /* ViewModels */,
				EBB5EBCB2186E99D00460F66 /* Controllers */,
				EBB5EBCA2186E99000460F66 /* Views */,
				EB0F5CF6215B526A005E9654 /* AppDelegate.swift */,
				EB0F5CFD215B526C005E9654 /* Assets.xcassets */,
				EB0F5CFF215B526C005E9654 /* LaunchScreen.storyboard */,
				EB0F5D02215B526C005E9654 /* Info.plist */,
			);
			path = ActivityReceiver.iOS;
			sourceTree = "<group>";
		};
		EB83514921B64EB800E9FD16 /* PostViewModels */ = {
			isa = PBXGroup;
			children = (
				EB83514A21B64F2A00E9FD16 /* SubmitQuestionAnswerPostViewModel.swift */,
			);
			path = PostViewModels;
			sourceTree = "<group>";
		};
		EBB5EBCA2186E99000460F66 /* Views */ = {
			isa = PBXGroup;
			children = (
				EB0F5CFA215B526A005E9654 /* Main.storyboard */,
				EB0765B621C21E2200144FC5 /* ActivityIndicatorOverlayView.xib */,
				EB0765B821C21E3800144FC5 /* ActivityIndicatorOverlayView.swift */,
				EBF9C1A22190570E00321174 /* ExerciseListTableView.swift */,
				EBF9C19E2190532100321174 /* ExerciseListItemTableViewCell.swift */,
				EBF9C19F2190532100321174 /* ExerciseListItemTableViewCell.xib */,
				EBE8B959218ACEB80093E466 /* AssignmentResultTableView.swift */,
				EBE8B968218BFAC90093E466 /* ResultAnswerDetailTableViewCell.swift */,
				EBE8B969218BFAC90093E466 /* ResultAnswerDetailTableViewCell.xib */,
				EBE8B962218BF91E0093E466 /* ResultHeaderTableViewCell.swift */,
				EBE8B963218BF91E0093E466 /* ResultHeaderTableViewCell.xib */,
				EB05204D216C9C0900940214 /* WordItem.swift */,
				EB05204F216C9C4200940214 /* WordItem.xib */,
				EBCA51CA2185FEAF001E9448 /* FunctionListItemView.swift */,
				EBCA51C82185FA2F001E9448 /* FunctionListItemView.xib */,
				EBCA51C62185D8F5001E9448 /* OutlineView.swift */,
				EBB5EBD52186EB2400460F66 /* ReshapableImageView.swift */,
			);
			path = Views;
			sourceTree = "<group>";
		};
		EBB5EBCB2186E99D00460F66 /* Controllers */ = {
			isa = PBXGroup;
			children = (
				EB822701217CA79A003C01D7 /* LoginViewController.swift */,
				EBA7B9CB217F0BD10084319D /* RegisterViewController.swift */,
				EBB5EBD92186EB7C00460F66 /* UserCenterViewController.swift */,
				EB0F5CF8215B526A005E9654 /* MainViewController.swift */,
				EBE8B966218BFABB0093E466 /* AssignmentResultViewController.swift */,
				EBF9C1A7219183A700321174 /* ExerciseSelectorViewController.swift */,
				EB72C20521B75D4900C616C6 /* MotionViewController.swift */,
			);
			path = Controllers;
			sourceTree = "<group>";
		};
		EBB5EBCC2186E9A700460F66 /* Models */ = {
			isa = PBXGroup;
			children = (
				EB28F9862182CD5C004DC1A9 /* UserInfo.swift */,
				EBF9C1A521917D2400321174 /* ActiveUserInfo.swift */,
				EBDA705421CA3665007DDD9D /* AlamofireManager.swift */,
				EB8DC76821D464BB000D7B0D /* RemoteServiceManager.swift */,
			);
			path = Models;
			sourceTree = "<group>";
		};
		EBB5EBCD2186E9B000460F66 /* Functions */ = {
			isa = PBXGroup;
			children = (
				EBB5EBD32186EA9300460F66 /* XibUIView.swift */,
				EB2E4FFE2175C879003AE7D3 /* StringCapitalizeFirstLetter.swift */,
				EBB5EBD12186EA8E00460F66 /* SketchShadow.swift */,
				EBB5EBD72186EB2B00460F66 /* SegueBehaviorObject.swift */,
				EBFC7C992193E03D006323FC /* FunctionExecuteTarget.swift */,
				EB137633218ED34500B9FF02 /* MovementState.swift */,
				EBFC7C9B21957CD6006323FC /* QuestionHandler.swift */,
				EBFC7C9D2196A6AB006323FC /* DateConverter.swift */,
				EB83514E21B6799E00E9FD16 /* ObjectDictionaryProtocols.swift */,
				EB83515021B67A9200E9FD16 /* DictionaryHandler.swift */,
			);
			path = Functions;
			sourceTree = "<group>";
		};
		EBE8B96E218C1BD70093E466 /* ViewModels */ = {
			isa = PBXGroup;
			children = (
				EB83514921B64EB800E9FD16 /* PostViewModels */,
				EBFC7C972193D9BB006323FC /* AssignmentQuestionViewModel.swift */,
				EBE8B96C218C0B9E0093E466 /* AssignmentResultViewModel.swift */,
				EBF9C1A92191859700321174 /* ExerciseListViewModel.swift */,
			);
			path = ViewModels;
			sourceTree = "<group>";
		};
		EBF9C1A4219174F500321174 /* DataTransferObjects */ = {
			isa = PBXGroup;
			children = (
				EB72C20921B773A600C616C6 /* ActivityFrameDTO.swift */,
				EB137631218ED08900B9FF02 /* MovementDTO.swift */,
				EB72C20721B772F100C616C6 /* DeviceAccelerationDTO.swift */,
			);
			path = DataTransferObjects;
			sourceTree = "<group>";
		};
/* End PBXGroup section */

/* Begin PBXNativeTarget section */
		EB0F5CF2215B526A005E9654 /* ActivityReceiver.iOS */ = {
			isa = PBXNativeTarget;
			buildConfigurationList = EB0F5D05215B526C005E9654 /* Build configuration list for PBXNativeTarget "ActivityReceiver.iOS" */;
			buildPhases = (
				92221A4E6DB4B70B5BD6A96C /* [CP] Check Pods Manifest.lock */,
				EB0F5CEF215B526A005E9654 /* Sources */,
				EB0F5CF0215B526A005E9654 /* Frameworks */,
				EB0F5CF1215B526A005E9654 /* Resources */,
				8BDE8B547E00F34C06051C4D /* [CP] Embed Pods Frameworks */,
			);
			buildRules = (
			);
			dependencies = (
			);
			name = ActivityReceiver.iOS;
			productName = ActivityReceiver.iOS;
			productReference = EB0F5CF3215B526A005E9654 /* ActivityReceiver.iOS.app */;
			productType = "com.apple.product-type.application";
		};
/* End PBXNativeTarget section */

/* Begin PBXProject section */
		EB0F5CEB215B526A005E9654 /* Project object */ = {
			isa = PBXProject;
			attributes = {
				LastSwiftUpdateCheck = 0940;
				LastUpgradeCheck = 0940;
				ORGANIZATIONNAME = Conceptual;
				TargetAttributes = {
					EB0F5CF2215B526A005E9654 = {
						CreatedOnToolsVersion = 9.4.1;
					};
				};
			};
			buildConfigurationList = EB0F5CEE215B526A005E9654 /* Build configuration list for PBXProject "ActivityReceiver.iOS" */;
			compatibilityVersion = "Xcode 9.3";
			developmentRegion = en;
			hasScannedForEncodings = 0;
			knownRegions = (
				en,
				Base,
			);
			mainGroup = EB0F5CEA215B526A005E9654;
			productRefGroup = EB0F5CF4215B526A005E9654 /* Products */;
			projectDirPath = "";
			projectRoot = "";
			targets = (
				EB0F5CF2215B526A005E9654 /* ActivityReceiver.iOS */,
			);
		};
/* End PBXProject section */

/* Begin PBXResourcesBuildPhase section */
		EB0F5CF1215B526A005E9654 /* Resources */ = {
			isa = PBXResourcesBuildPhase;
			buildActionMask = 2147483647;
			files = (
				EBF9C1A12190532100321174 /* ExerciseListItemTableViewCell.xib in Resources */,
				EBE8B965218BF91E0093E466 /* ResultHeaderTableViewCell.xib in Resources */,
				EBE8B96B218BFAC90093E466 /* ResultAnswerDetailTableViewCell.xib in Resources */,
				EBCA51C92185FA2F001E9448 /* FunctionListItemView.xib in Resources */,
				EB052050216C9C4200940214 /* WordItem.xib in Resources */,
				EB0F5CFC215B526A005E9654 /* Main.storyboard in Resources */,
				EB0F5D01215B526C005E9654 /* LaunchScreen.storyboard in Resources */,
				EB0F5CFE215B526C005E9654 /* Assets.xcassets in Resources */,
				EB0765B721C21E2200144FC5 /* ActivityIndicatorOverlayView.xib in Resources */,
			);
			runOnlyForDeploymentPostprocessing = 0;
		};
/* End PBXResourcesBuildPhase section */

/* Begin PBXShellScriptBuildPhase section */
		8BDE8B547E00F34C06051C4D /* [CP] Embed Pods Frameworks */ = {
			isa = PBXShellScriptBuildPhase;
			buildActionMask = 2147483647;
			files = (
			);
			inputFileListPaths = (
			);
			inputPaths = (
				"${SRCROOT}/Pods/Target Support Files/Pods-ActivityReceiver.iOS/Pods-ActivityReceiver.iOS-frameworks.sh",
				"${BUILT_PRODUCTS_DIR}/Alamofire/Alamofire.framework",
				"${BUILT_PRODUCTS_DIR}/NVActivityIndicatorView/NVActivityIndicatorView.framework",
			);
			name = "[CP] Embed Pods Frameworks";
			outputFileListPaths = (
			);
			outputPaths = (
				"${TARGET_BUILD_DIR}/${FRAMEWORKS_FOLDER_PATH}/Alamofire.framework",
				"${TARGET_BUILD_DIR}/${FRAMEWORKS_FOLDER_PATH}/NVActivityIndicatorView.framework",
			);
			runOnlyForDeploymentPostprocessing = 0;
			shellPath = /bin/sh;
			shellScript = "\"${SRCROOT}/Pods/Target Support Files/Pods-ActivityReceiver.iOS/Pods-ActivityReceiver.iOS-frameworks.sh\"\n";
			showEnvVarsInLog = 0;
		};
		92221A4E6DB4B70B5BD6A96C /* [CP] Check Pods Manifest.lock */ = {
			isa = PBXShellScriptBuildPhase;
			buildActionMask = 2147483647;
			files = (
			);
			inputFileListPaths = (
			);
			inputPaths = (
				"${PODS_PODFILE_DIR_PATH}/Podfile.lock",
				"${PODS_ROOT}/Manifest.lock",
			);
			name = "[CP] Check Pods Manifest.lock";
			outputFileListPaths = (
			);
			outputPaths = (
				"$(DERIVED_FILE_DIR)/Pods-ActivityReceiver.iOS-checkManifestLockResult.txt",
			);
			runOnlyForDeploymentPostprocessing = 0;
			shellPath = /bin/sh;
			shellScript = "diff \"${PODS_PODFILE_DIR_PATH}/Podfile.lock\" \"${PODS_ROOT}/Manifest.lock\" > /dev/null\nif [ $? != 0 ] ; then\n    # print error to STDERR\n    echo \"error: The sandbox is not in sync with the Podfile.lock. Run 'pod install' or update your CocoaPods installation.\" >&2\n    exit 1\nfi\n# This output is used by Xcode 'outputs' to avoid re-running this script phase.\necho \"SUCCESS\" > \"${SCRIPT_OUTPUT_FILE_0}\"\n";
			showEnvVarsInLog = 0;
		};
/* End PBXShellScriptBuildPhase section */

/* Begin PBXSourcesBuildPhase section */
		EB0F5CEF215B526A005E9654 /* Sources */ = {
			isa = PBXSourcesBuildPhase;
			buildActionMask = 2147483647;
			files = (
				EBB5EBD42186EA9300460F66 /* XibUIView.swift in Sources */,
				EB822702217CA79A003C01D7 /* LoginViewController.swift in Sources */,
				EB137634218ED34500B9FF02 /* MovementState.swift in Sources */,
				EBFC7C9C21957CD6006323FC /* QuestionHandler.swift in Sources */,
				EBF9C1A02190532100321174 /* ExerciseListItemTableViewCell.swift in Sources */,
				EBE8B95A218ACEB80093E466 /* AssignmentResultTableView.swift in Sources */,
				EB72C20A21B773A600C616C6 /* ActivityFrameDTO.swift in Sources */,
				EB0765B921C21E3800144FC5 /* ActivityIndicatorOverlayView.swift in Sources */,
				EBFC7C982193D9BB006323FC /* AssignmentQuestionViewModel.swift in Sources */,
				EBCA51CB2185FEAF001E9448 /* FunctionListItemView.swift in Sources */,
				EBE8B96A218BFAC90093E466 /* ResultAnswerDetailTableViewCell.swift in Sources */,
				EB0F5CF9215B526A005E9654 /* MainViewController.swift in Sources */,
				EBB5EBD82186EB2B00460F66 /* SegueBehaviorObject.swift in Sources */,
				EBF9C1A8219183A700321174 /* ExerciseSelectorViewController.swift in Sources */,
				EBCA51C72185D8F5001E9448 /* OutlineView.swift in Sources */,
				EB83514B21B64F2A00E9FD16 /* SubmitQuestionAnswerPostViewModel.swift in Sources */,
				EB28F9872182CD5C004DC1A9 /* UserInfo.swift in Sources */,
				EB8DC76921D464BB000D7B0D /* RemoteServiceManager.swift in Sources */,
				EBA7B9CC217F0BD10084319D /* RegisterViewController.swift in Sources */,
				EBE8B96D218C0B9E0093E466 /* AssignmentResultViewModel.swift in Sources */,
				EBB5EBD62186EB2400460F66 /* ReshapableImageView.swift in Sources */,
				EBF9C1A621917D2400321174 /* ActiveUserInfo.swift in Sources */,
				EB05204E216C9C0900940214 /* WordItem.swift in Sources */,
				EBF9C1A32190570E00321174 /* ExerciseListTableView.swift in Sources */,
				EBFC7C9E2196A6AB006323FC /* DateConverter.swift in Sources */,
				EB83514F21B6799E00E9FD16 /* ObjectDictionaryProtocols.swift in Sources */,
				EBB5EBDA2186EB7C00460F66 /* UserCenterViewController.swift in Sources */,
				EBB5EBD22186EA8F00460F66 /* SketchShadow.swift in Sources */,
				EBE8B967218BFABB0093E466 /* AssignmentResultViewController.swift in Sources */,
				EBDA705521CA3665007DDD9D /* AlamofireManager.swift in Sources */,
				EB137632218ED08900B9FF02 /* MovementDTO.swift in Sources */,
				EBF9C1AA2191859700321174 /* ExerciseListViewModel.swift in Sources */,
				EB83515121B67A9200E9FD16 /* DictionaryHandler.swift in Sources */,
				EB2E4FFF2175C879003AE7D3 /* StringCapitalizeFirstLetter.swift in Sources */,
				EBE8B964218BF91E0093E466 /* ResultHeaderTableViewCell.swift in Sources */,
				EBFC7C9A2193E03D006323FC /* FunctionExecuteTarget.swift in Sources */,
				EB72C20821B772F100C616C6 /* DeviceAccelerationDTO.swift in Sources */,
				EB72C20621B75D4900C616C6 /* MotionViewController.swift in Sources */,
				EB0F5CF7215B526A005E9654 /* AppDelegate.swift in Sources */,
			);
			runOnlyForDeploymentPostprocessing = 0;
		};
/* End PBXSourcesBuildPhase section */

/* Begin PBXVariantGroup section */
		EB0F5CFA215B526A005E9654 /* Main.storyboard */ = {
			isa = PBXVariantGroup;
			children = (
				EB0F5CFB215B526A005E9654 /* Base */,
			);
			name = Main.storyboard;
			sourceTree = "<group>";
		};
		EB0F5CFF215B526C005E9654 /* LaunchScreen.storyboard */ = {
			isa = PBXVariantGroup;
			children = (
				EB0F5D00215B526C005E9654 /* Base */,
			);
			name = LaunchScreen.storyboard;
			sourceTree = "<group>";
		};
/* End PBXVariantGroup section */

/* Begin XCBuildConfiguration section */
		EB0F5D03215B526C005E9654 /* Debug */ = {
			isa = XCBuildConfiguration;
			buildSettings = {
				ALWAYS_SEARCH_USER_PATHS = NO;
				CLANG_ANALYZER_NONNULL = YES;
				CLANG_ANALYZER_NUMBER_OBJECT_CONVERSION = YES_AGGRESSIVE;
				CLANG_CXX_LANGUAGE_STANDARD = "gnu++14";
				CLANG_CXX_LIBRARY = "libc++";
				CLANG_ENABLE_MODULES = YES;
				CLANG_ENABLE_OBJC_ARC = YES;
				CLANG_ENABLE_OBJC_WEAK = YES;
				CLANG_WARN_BLOCK_CAPTURE_AUTORELEASING = YES;
				CLANG_WARN_BOOL_CONVERSION = YES;
				CLANG_WARN_COMMA = YES;
				CLANG_WARN_CONSTANT_CONVERSION = YES;
				CLANG_WARN_DEPRECATED_OBJC_IMPLEMENTATIONS = YES;
				CLANG_WARN_DIRECT_OBJC_ISA_USAGE = YES_ERROR;
				CLANG_WARN_DOCUMENTATION_COMMENTS = YES;
				CLANG_WARN_EMPTY_BODY = YES;
				CLANG_WARN_ENUM_CONVERSION = YES;
				CLANG_WARN_INFINITE_RECURSION = YES;
				CLANG_WARN_INT_CONVERSION = YES;
				CLANG_WARN_NON_LITERAL_NULL_CONVERSION = YES;
				CLANG_WARN_OBJC_IMPLICIT_RETAIN_SELF = YES;
				CLANG_WARN_OBJC_LITERAL_CONVERSION = YES;
				CLANG_WARN_OBJC_ROOT_CLASS = YES_ERROR;
				CLANG_WARN_RANGE_LOOP_ANALYSIS = YES;
				CLANG_WARN_STRICT_PROTOTYPES = YES;
				CLANG_WARN_SUSPICIOUS_MOVE = YES;
				CLANG_WARN_UNGUARDED_AVAILABILITY = YES_AGGRESSIVE;
				CLANG_WARN_UNREACHABLE_CODE = YES;
				CLANG_WARN__DUPLICATE_METHOD_MATCH = YES;
				CODE_SIGN_IDENTITY = "iPhone Developer";
				COPY_PHASE_STRIP = NO;
				DEBUG_INFORMATION_FORMAT = dwarf;
				ENABLE_STRICT_OBJC_MSGSEND = YES;
				ENABLE_TESTABILITY = YES;
				GCC_C_LANGUAGE_STANDARD = gnu11;
				GCC_DYNAMIC_NO_PIC = NO;
				GCC_NO_COMMON_BLOCKS = YES;
				GCC_OPTIMIZATION_LEVEL = 0;
				GCC_PREPROCESSOR_DEFINITIONS = (
					"DEBUG=1",
					"$(inherited)",
				);
				GCC_WARN_64_TO_32_BIT_CONVERSION = YES;
				GCC_WARN_ABOUT_RETURN_TYPE = YES_ERROR;
				GCC_WARN_UNDECLARED_SELECTOR = YES;
				GCC_WARN_UNINITIALIZED_AUTOS = YES_AGGRESSIVE;
				GCC_WARN_UNUSED_FUNCTION = YES;
				GCC_WARN_UNUSED_VARIABLE = YES;
				IPHONEOS_DEPLOYMENT_TARGET = 11.4;
				MTL_ENABLE_DEBUG_INFO = YES;
				ONLY_ACTIVE_ARCH = YES;
				SDKROOT = iphoneos;
				SWIFT_ACTIVE_COMPILATION_CONDITIONS = DEBUG;
				SWIFT_OPTIMIZATION_LEVEL = "-Onone";
			};
			name = Debug;
		};
		EB0F5D04215B526C005E9654 /* Release */ = {
			isa = XCBuildConfiguration;
			buildSettings = {
				ALWAYS_SEARCH_USER_PATHS = NO;
				CLANG_ANALYZER_NONNULL = YES;
				CLANG_ANALYZER_NUMBER_OBJECT_CONVERSION = YES_AGGRESSIVE;
				CLANG_CXX_LANGUAGE_STANDARD = "gnu++14";
				CLANG_CXX_LIBRARY = "libc++";
				CLANG_ENABLE_MODULES = YES;
				CLANG_ENABLE_OBJC_ARC = YES;
				CLANG_ENABLE_OBJC_WEAK = YES;
				CLANG_WARN_BLOCK_CAPTURE_AUTORELEASING = YES;
				CLANG_WARN_BOOL_CONVERSION = YES;
				CLANG_WARN_COMMA = YES;
				CLANG_WARN_CONSTANT_CONVERSION = YES;
				CLANG_WARN_DEPRECATED_OBJC_IMPLEMENTATIONS = YES;
				CLANG_WARN_DIRECT_OBJC_ISA_USAGE = YES_ERROR;
				CLANG_WARN_DOCUMENTATION_COMMENTS = YES;
				CLANG_WARN_EMPTY_BODY = YES;
				CLANG_WARN_ENUM_CONVERSION = YES;
				CLANG_WARN_INFINITE_RECURSION = YES;
				CLANG_WARN_INT_CONVERSION = YES;
				CLANG_WARN_NON_LITERAL_NULL_CONVERSION = YES;
				CLANG_WARN_OBJC_IMPLICIT_RETAIN_SELF = YES;
				CLANG_WARN_OBJC_LITERAL_CONVERSION = YES;
				CLANG_WARN_OBJC_ROOT_CLASS = YES_ERROR;
				CLANG_WARN_RANGE_LOOP_ANALYSIS = YES;
				CLANG_WARN_STRICT_PROTOTYPES = YES;
				CLANG_WARN_SUSPICIOUS_MOVE = YES;
				CLANG_WARN_UNGUARDED_AVAILABILITY = YES_AGGRESSIVE;
				CLANG_WARN_UNREACHABLE_CODE = YES;
				CLANG_WARN__DUPLICATE_METHOD_MATCH = YES;
				CODE_SIGN_IDENTITY = "iPhone Developer";
				COPY_PHASE_STRIP = NO;
				DEBUG_INFORMATION_FORMAT = "dwarf-with-dsym";
				ENABLE_NS_ASSERTIONS = NO;
				ENABLE_STRICT_OBJC_MSGSEND = YES;
				GCC_C_LANGUAGE_STANDARD = gnu11;
				GCC_NO_COMMON_BLOCKS = YES;
				GCC_WARN_64_TO_32_BIT_CONVERSION = YES;
				GCC_WARN_ABOUT_RETURN_TYPE = YES_ERROR;
				GCC_WARN_UNDECLARED_SELECTOR = YES;
				GCC_WARN_UNINITIALIZED_AUTOS = YES_AGGRESSIVE;
				GCC_WARN_UNUSED_FUNCTION = YES;
				GCC_WARN_UNUSED_VARIABLE = YES;
				IPHONEOS_DEPLOYMENT_TARGET = 11.4;
				MTL_ENABLE_DEBUG_INFO = NO;
				SDKROOT = iphoneos;
				SWIFT_COMPILATION_MODE = wholemodule;
				SWIFT_OPTIMIZATION_LEVEL = "-O";
				VALIDATE_PRODUCT = YES;
			};
			name = Release;
		};
		EB0F5D06215B526C005E9654 /* Debug */ = {
			isa = XCBuildConfiguration;
			baseConfigurationReference = FB7852F4BD99220705EEFA77 /* Pods-ActivityReceiver.iOS.debug.xcconfig */;
			buildSettings = {
				ASSETCATALOG_COMPILER_APPICON_NAME = AppIcon;
				CODE_SIGN_STYLE = Automatic;
				DEVELOPMENT_TEAM = X2LR7X4335;
				INFOPLIST_FILE = ActivityReceiver.iOS/Info.plist;
				LD_RUNPATH_SEARCH_PATHS = (
					"$(inherited)",
					"@executable_path/Frameworks",
				);
				PRODUCT_BUNDLE_IDENTIFIER = "io.github.neko3000.ActivityReceiver-iOS";
				PRODUCT_NAME = "$(TARGET_NAME)";
				SWIFT_VERSION = 4.0;
				TARGETED_DEVICE_FAMILY = "1,2";
			};
			name = Debug;
		};
		EB0F5D07215B526C005E9654 /* Release */ = {
			isa = XCBuildConfiguration;
			baseConfigurationReference = 83591755A88A63D56EDB2E97 /* Pods-ActivityReceiver.iOS.release.xcconfig */;
			buildSettings = {
				ASSETCATALOG_COMPILER_APPICON_NAME = AppIcon;
				CODE_SIGN_STYLE = Automatic;
				DEVELOPMENT_TEAM = X2LR7X4335;
				INFOPLIST_FILE = ActivityReceiver.iOS/Info.plist;
				LD_RUNPATH_SEARCH_PATHS = (
					"$(inherited)",
					"@executable_path/Frameworks",
				);
				PRODUCT_BUNDLE_IDENTIFIER = "io.github.neko3000.ActivityReceiver-iOS";
				PRODUCT_NAME = "$(TARGET_NAME)";
				SWIFT_VERSION = 4.0;
				TARGETED_DEVICE_FAMILY = "1,2";
			};
			name = Release;
		};
/* End XCBuildConfiguration section */

/* Begin XCConfigurationList section */
		EB0F5CEE215B526A005E9654 /* Build configuration list for PBXProject "ActivityReceiver.iOS" */ = {
			isa = XCConfigurationList;
			buildConfigurations = (
				EB0F5D03215B526C005E9654 /* Debug */,
				EB0F5D04215B526C005E9654 /* Release */,
			);
			defaultConfigurationIsVisible = 0;
			defaultConfigurationName = Release;
		};
		EB0F5D05215B526C005E9654 /* Build configuration list for PBXNativeTarget "ActivityReceiver.iOS" */ = {
			isa = XCConfigurationList;
			buildConfigurations = (
				EB0F5D06215B526C005E9654 /* Debug */,
				EB0F5D07215B526C005E9654 /* Release */,
			);
			defaultConfigurationIsVisible = 0;
			defaultConfigurationName = Release;
		};
/* End XCConfigurationList section */
	};
	rootObject = EB0F5CEB215B526A005E9654 /* Project object */;
}
